
Microsoft Visual Studio Solution File, Format Version 12.00
# Visual Studio Version 17
VisualStudioVersion = 17.8.34525.116
MinimumVisualStudioVersion = 10.0.40219.1
Project("{FAE04EC0-301F-11D3-BF4B-00C04F79EFBC}") = "AS2324.3G.Prof.CalcoloSuNumeriWF", "AS2324.3G.Prof.CalcoloSuNumeriWF\AS2324.3G.Prof.CalcoloSuNumeriWF.csproj", "{2F381FF8-B9DC-4E43-B011-F218AB77A57C}"
EndProject
Global
	GlobalSection(SolutionConfigurationPlatforms) = preSolution
		Debug|Any CPU = Debug|Any CPU
		Release|Any CPU = Release|Any CPU
	EndGlobalSection
	GlobalSection(ProjectConfigurationPlatforms) = postSolution
		{2F381FF8-B9DC-4E43-B011-F218AB77A57C}.Debug|Any CPU.ActiveCfg = Debug|Any CPU
		{2F381FF8-B9DC-4E43-B011-F218AB77A57C}.Debug|Any CPU.Build.0 = Debug|Any CPU
		{2F381FF8-B9DC-4E43-B011-F218AB77A57C}.Release|Any CPU.ActiveCfg = Release|Any CPU
		{2F381FF8-B9DC-4E43-B011-F218AB77A57C}.Release|Any CPU.Build.0 = Release|Any CPU
	EndGlobalSection
	GlobalSection(SolutionProperties) = preSolution
		HideSolutionNode = FALSE
	EndGlobalSection
	GlobalSection(ExtensibilityGlobals) = postSolution
		SolutionGuid = {1B5F8049-A3CB-43A3-9DEF-DA1B07A41A5E}
	EndGlobalSection
EndGlobal
